
Microsoft Visual Studio Solution File, Format Version 12.00
# Visual Studio Version 17
VisualStudioVersion = 17.1.32407.343
MinimumVisualStudioVersion = 10.0.40219.1
Project("{FAE04EC0-301F-11D3-BF4B-00C04F79EFBC}") = "instgaram", "instgaram\instgaram.csproj", "{B71D9A93-23A9-4549-9FA6-80E6C301CD7F}"
EndProject
Global
	GlobalSection(SolutionConfigurationPlatforms) = preSolution
		Debug|Any CPU = Debug|Any CPU
		Release|Any CPU = Release|Any CPU
	EndGlobalSection
	GlobalSection(ProjectConfigurationPlatforms) = postSolution
		{B71D9A93-23A9-4549-9FA6-80E6C301CD7F}.Debug|Any CPU.ActiveCfg = Debug|Any CPU
		{B71D9A93-23A9-4549-9FA6-80E6C301CD7F}.Debug|Any CPU.Build.0 = Debug|Any CPU
		{B71D9A93-23A9-4549-9FA6-80E6C301CD7F}.Release|Any CPU.ActiveCfg = Release|Any CPU
		{B71D9A93-23A9-4549-9FA6-80E6C301CD7F}.Release|Any CPU.Build.0 = Release|Any CPU
	EndGlobalSection
	GlobalSection(SolutionProperties) = preSolution
		HideSolutionNode = FALSE
	EndGlobalSection
	GlobalSection(ExtensibilityGlobals) = postSolution
		SolutionGuid = {41155BFD-2B8E-4360-BC2C-03CA50ABF3FD}
	EndGlobalSection
EndGlobal
